
Microsoft Visual Studio Solution File, Format Version 12.00
# Visual Studio 15
VisualStudioVersion = 15.0.26711.1
MinimumVisualStudioVersion = 10.0.40219.1
Project("{9A19103F-16F7-4668-BE54-9A1E7A4F7556}") = "TenantManagement", "TenantManagement\TenantManagement.csproj", "{B23FD318-EA20-4CBB-AE4F-6AD0FD65C7E0}"
EndProject
Global
	GlobalSection(SolutionConfigurationPlatforms) = preSolution
		Debug|Any CPU = Debug|Any CPU
		Release|Any CPU = Release|Any CPU
	EndGlobalSection
	GlobalSection(ProjectConfigurationPlatforms) = postSolution
		{B23FD318-EA20-4CBB-AE4F-6AD0FD65C7E0}.Debug|Any CPU.ActiveCfg = Debug|Any CPU
		{B23FD318-EA20-4CBB-AE4F-6AD0FD65C7E0}.Debug|Any CPU.Build.0 = Debug|Any CPU
		{B23FD318-EA20-4CBB-AE4F-6AD0FD65C7E0}.Release|Any CPU.ActiveCfg = Release|Any CPU
		{B23FD318-EA20-4CBB-AE4F-6AD0FD65C7E0}.Release|Any CPU.Build.0 = Release|Any CPU
	EndGlobalSection
	GlobalSection(SolutionProperties) = preSolution
		HideSolutionNode = FALSE
	EndGlobalSection
	GlobalSection(ExtensibilityGlobals) = postSolution
		SolutionGuid = {AB894467-AF5D-4E94-9A54-6023D5EA17E6}
	EndGlobalSection
EndGlobal
